// !$*UTF8*$!
{
	archiveVersion = 1;
	classes = {
	};
	objectVersion = 50;
	objects = {

/* Begin PBXBuildFile section */
		957FC3EE2624900E00AB5A2E /* MoonShotApp.swift in Sources */ = {isa = PBXBuildFile; fileRef = 957FC3ED2624900E00AB5A2E /* MoonShotApp.swift */; };
		957FC3F02624900E00AB5A2E /* ContentView.swift in Sources */ = {isa = PBXBuildFile; fileRef = 957FC3EF2624900E00AB5A2E /* ContentView.swift */; };
		957FC3F22624900F00AB5A2E /* Assets.xcassets in Resources */ = {isa = PBXBuildFile; fileRef = 957FC3F12624900F00AB5A2E /* Assets.xcassets */; };
		957FC3F52624900F00AB5A2E /* Preview Assets.xcassets in Resources */ = {isa = PBXBuildFile; fileRef = 957FC3F42624900F00AB5A2E /* Preview Assets.xcassets */; };
		957FC3FF26249B3500AB5A2E /* astronauts.json in Resources */ = {isa = PBXBuildFile; fileRef = 957FC3FD26249B3400AB5A2E /* astronauts.json */; };
		957FC40026249B3500AB5A2E /* missions.json in Resources */ = {isa = PBXBuildFile; fileRef = 957FC3FE26249B3400AB5A2E /* missions.json */; };
		957FC40326249C1D00AB5A2E /* Astronaut.swift in Sources */ = {isa = PBXBuildFile; fileRef = 957FC40226249C1D00AB5A2E /* Astronaut.swift */; };
		957FC40626249C8600AB5A2E /* Bunde-Decodable.swift in Sources */ = {isa = PBXBuildFile; fileRef = 957FC40526249C8600AB5A2E /* Bunde-Decodable.swift */; };
		957FC4092624A12100AB5A2E /* Mission.swift in Sources */ = {isa = PBXBuildFile; fileRef = 957FC4082624A12100AB5A2E /* Mission.swift */; };
		957FC40C2624ACEF00AB5A2E /* MissionView.swift in Sources */ = {isa = PBXBuildFile; fileRef = 957FC40B2624ACEF00AB5A2E /* MissionView.swift */; };
		95AF60092624C34200E698F4 /* AstronautView.swift in Sources */ = {isa = PBXBuildFile; fileRef = 95AF60082624C34200E698F4 /* AstronautView.swift */; };
/* End PBXBuildFile section */

/* Begin PBXFileReference section */
		957FC3EA2624900E00AB5A2E /* MoonShot.app */ = {isa = PBXFileReference; explicitFileType = wrapper.application; includeInIndex = 0; path = MoonShot.app; sourceTree = BUILT_PRODUCTS_DIR; };
		957FC3ED2624900E00AB5A2E /* MoonShotApp.swift */ = {isa = PBXFileReference; lastKnownFileType = sourcecode.swift; path = MoonShotApp.swift; sourceTree = "<group>"; };
		957FC3EF2624900E00AB5A2E /* ContentView.swift */ = {isa = PBXFileReference; lastKnownFileType = sourcecode.swift; path = ContentView.swift; sourceTree = "<group>"; };
		957FC3F12624900F00AB5A2E /* Assets.xcassets */ = {isa = PBXFileReference; lastKnownFileType = folder.assetcatalog; path = Assets.xcassets; sourceTree = "<group>"; };
		957FC3F42624900F00AB5A2E /* Preview Assets.xcassets */ = {isa = PBXFileReference; lastKnownFileType = folder.assetcatalog; path = "Preview Assets.xcassets"; sourceTree = "<group>"; };
		957FC3F62624900F00AB5A2E /* Info.plist */ = {isa = PBXFileReference; lastKnownFileType = text.plist.xml; path = Info.plist; sourceTree = "<group>"; };
		957FC3FD26249B3400AB5A2E /* astronauts.json */ = {isa = PBXFileReference; fileEncoding = 4; lastKnownFileType = text.json; path = astronauts.json; sourceTree = "<group>"; };
		957FC3FE26249B3400AB5A2E /* missions.json */ = {isa = PBXFileReference; fileEncoding = 4; lastKnownFileType = text.json; path = missions.json; sourceTree = "<group>"; };
		957FC40226249C1D00AB5A2E /* Astronaut.swift */ = {isa = PBXFileReference; lastKnownFileType = sourcecode.swift; path = Astronaut.swift; sourceTree = "<group>"; };
		957FC40526249C8600AB5A2E /* Bunde-Decodable.swift */ = {isa = PBXFileReference; lastKnownFileType = sourcecode.swift; path = "Bunde-Decodable.swift"; sourceTree = "<group>"; };
		957FC4082624A12100AB5A2E /* Mission.swift */ = {isa = PBXFileReference; lastKnownFileType = sourcecode.swift; path = Mission.swift; sourceTree = "<group>"; };
		957FC40B2624ACEF00AB5A2E /* MissionView.swift */ = {isa = PBXFileReference; lastKnownFileType = sourcecode.swift; path = MissionView.swift; sourceTree = "<group>"; };
		95AF60082624C34200E698F4 /* AstronautView.swift */ = {isa = PBXFileReference; lastKnownFileType = sourcecode.swift; path = AstronautView.swift; sourceTree = "<group>"; };
/* End PBXFileReference section */

/* Begin PBXFrameworksBuildPhase section */
		957FC3E72624900E00AB5A2E /* Frameworks */ = {
			isa = PBXFrameworksBuildPhase;
			buildActionMask = 2147483647;
			files = (
			);
			runOnlyForDeploymentPostprocessing = 0;
		};
/* End PBXFrameworksBuildPhase section */

/* Begin PBXGroup section */
		957FC3E12624900E00AB5A2E = {
			isa = PBXGroup;
			children = (
				957FC3EC2624900E00AB5A2E /* MoonShot */,
				957FC3EB2624900E00AB5A2E /* Products */,
			);
			sourceTree = "<group>";
		};
		957FC3EB2624900E00AB5A2E /* Products */ = {
			isa = PBXGroup;
			children = (
				957FC3EA2624900E00AB5A2E /* MoonShot.app */,
			);
			name = Products;
			sourceTree = "<group>";
		};
		957FC3EC2624900E00AB5A2E /* MoonShot */ = {
			isa = PBXGroup;
			children = (
				957FC3ED2624900E00AB5A2E /* MoonShotApp.swift */,
				957FC3EF2624900E00AB5A2E /* ContentView.swift */,
				95AF60082624C34200E698F4 /* AstronautView.swift */,
				957FC40B2624ACEF00AB5A2E /* MissionView.swift */,
				957FC40226249C1D00AB5A2E /* Astronaut.swift */,
				957FC40526249C8600AB5A2E /* Bunde-Decodable.swift */,
				957FC4082624A12100AB5A2E /* Mission.swift */,
				957FC3F12624900F00AB5A2E /* Assets.xcassets */,
				957FC3F62624900F00AB5A2E /* Info.plist */,
				957FC3FD26249B3400AB5A2E /* astronauts.json */,
				957FC3FE26249B3400AB5A2E /* missions.json */,
				957FC3F32624900F00AB5A2E /* Preview Content */,
			);
			path = MoonShot;
			sourceTree = "<group>";
		};
		957FC3F32624900F00AB5A2E /* Preview Content */ = {
			isa = PBXGroup;
			children = (
				957FC3F42624900F00AB5A2E /* Preview Assets.xcassets */,
			);
			path = "Preview Content";
			sourceTree = "<group>";
		};
/* End PBXGroup section */

/* Begin PBXNativeTarget section */
		957FC3E92624900E00AB5A2E /* MoonShot */ = {
			isa = PBXNativeTarget;
			buildConfigurationList = 957FC3F92624900F00AB5A2E /* Build configuration list for PBXNativeTarget "MoonShot" */;
			buildPhases = (
				957FC3E62624900E00AB5A2E /* Sources */,
				957FC3E72624900E00AB5A2E /* Frameworks */,
				957FC3E82624900E00AB5A2E /* Resources */,
			);
			buildRules = (
			);
			dependencies = (
			);
			name = MoonShot;
			productName = MoonShot;
			productReference = 957FC3EA2624900E00AB5A2E /* MoonShot.app */;
			productType = "com.apple.product-type.application";
		};
/* End PBXNativeTarget section */

/* Begin PBXProject section */
		957FC3E22624900E00AB5A2E /* Project object */ = {
			isa = PBXProject;
			attributes = {
				LastSwiftUpdateCheck = 1240;
				LastUpgradeCheck = 1240;
				TargetAttributes = {
					957FC3E92624900E00AB5A2E = {
						CreatedOnToolsVersion = 12.4;
					};
				};
			};
			buildConfigurationList = 957FC3E52624900E00AB5A2E /* Build configuration list for PBXProject "MoonShot" */;
			compatibilityVersion = "Xcode 9.3";
			developmentRegion = en;
			hasScannedForEncodings = 0;
			knownRegions = (
				en,
				Base,
			);
			mainGroup = 957FC3E12624900E00AB5A2E;
			productRefGroup = 957FC3EB2624900E00AB5A2E /* Products */;
			projectDirPath = "";
			projectRoot = "";
			targets = (
				957FC3E92624900E00AB5A2E /* MoonShot */,
			);
		};
/* End PBXProject section */

/* Begin PBXResourcesBuildPhase section */
		957FC3E82624900E00AB5A2E /* Resources */ = {
			isa = PBXResourcesBuildPhase;
			buildActionMask = 2147483647;
			files = (
				957FC3FF26249B3500AB5A2E /* astronauts.json in Resources */,
				957FC3F52624900F00AB5A2E /* Preview Assets.xcassets in Resources */,
				957FC40026249B3500AB5A2E /* missions.json in Resources */,
				957FC3F22624900F00AB5A2E /* Assets.xcassets in Resources */,
			);
			runOnlyForDeploymentPostprocessing = 0;
		};
/* End PBXResourcesBuildPhase section */

/* Begin PBXSourcesBuildPhase section */
		957FC3E62624900E00AB5A2E /* Sources */ = {
			isa = PBXSourcesBuildPhase;
			buildActionMask = 2147483647;
			files = (
				95AF60092624C34200E698F4 /* AstronautView.swift in Sources */,
				957FC40326249C1D00AB5A2E /* Astronaut.swift in Sources */,
				957FC3F02624900E00AB5A2E /* ContentView.swift in Sources */,
				957FC40626249C8600AB5A2E /* Bunde-Decodable.swift in Sources */,
				957FC4092624A12100AB5A2E /* Mission.swift in Sources */,
				957FC3EE2624900E00AB5A2E /* MoonShotApp.swift in Sources */,
				957FC40C2624ACEF00AB5A2E /* MissionView.swift in Sources */,
			);
			runOnlyForDeploymentPostprocessing = 0;
		};
/* End PBXSourcesBuildPhase section */

/* Begin XCBuildConfiguration section */
		957FC3F72624900F00AB5A2E /* Debug */ = {
			isa = XCBuildConfiguration;
			buildSettings = {
				ALWAYS_SEARCH_USER_PATHS = NO;
				CLANG_ANALYZER_NONNULL = YES;
				CLANG_ANALYZER_NUMBER_OBJECT_CONVERSION = YES_AGGRESSIVE;
				CLANG_CXX_LANGUAGE_STANDARD = "gnu++14";
				CLANG_CXX_LIBRARY = "libc++";
				CLANG_ENABLE_MODULES = YES;
				CLANG_ENABLE_OBJC_ARC = YES;
				CLANG_ENABLE_OBJC_WEAK = YES;
				CLANG_WARN_BLOCK_CAPTURE_AUTORELEASING = YES;
				CLANG_WARN_BOOL_CONVERSION = YES;
				CLANG_WARN_COMMA = YES;
				CLANG_WARN_CONSTANT_CONVERSION = YES;
				CLANG_WARN_DEPRECATED_OBJC_IMPLEMENTATIONS = YES;
				CLANG_WARN_DIRECT_OBJC_ISA_USAGE = YES_ERROR;
				CLANG_WARN_DOCUMENTATION_COMMENTS = YES;
				CLANG_WARN_EMPTY_BODY = YES;
				CLANG_WARN_ENUM_CONVERSION = YES;
				CLANG_WARN_INFINITE_RECURSION = YES;
				CLANG_WARN_INT_CONVERSION = YES;
				CLANG_WARN_NON_LITERAL_NULL_CONVERSION = YES;
				CLANG_WARN_OBJC_IMPLICIT_RETAIN_SELF = YES;
				CLANG_WARN_OBJC_LITERAL_CONVERSION = YES;
				CLANG_WARN_OBJC_ROOT_CLASS = YES_ERROR;
				CLANG_WARN_QUOTED_INCLUDE_IN_FRAMEWORK_HEADER = YES;
				CLANG_WARN_RANGE_LOOP_ANALYSIS = YES;
				CLANG_WARN_STRICT_PROTOTYPES = YES;
				CLANG_WARN_SUSPICIOUS_MOVE = YES;
				CLANG_WARN_UNGUARDED_AVAILABILITY = YES_AGGRESSIVE;
				CLANG_WARN_UNREACHABLE_CODE = YES;
				CLANG_WARN__DUPLICATE_METHOD_MATCH = YES;
				COPY_PHASE_STRIP = NO;
				DEBUG_INFORMATION_FORMAT = dwarf;
				ENABLE_STRICT_OBJC_MSGSEND = YES;
				ENABLE_TESTABILITY = YES;
				GCC_C_LANGUAGE_STANDARD = gnu11;
				GCC_DYNAMIC_NO_PIC = NO;
				GCC_NO_COMMON_BLOCKS = YES;
				GCC_OPTIMIZATION_LEVEL = 0;
				GCC_PREPROCESSOR_DEFINITIONS = (
					"DEBUG=1",
					"$(inherited)",
				);
				GCC_WARN_64_TO_32_BIT_CONVERSION = YES;
				GCC_WARN_ABOUT_RETURN_TYPE = YES_ERROR;
				GCC_WARN_UNDECLARED_SELECTOR = YES;
				GCC_WARN_UNINITIALIZED_AUTOS = YES_AGGRESSIVE;
				GCC_WARN_UNUSED_FUNCTION = YES;
				GCC_WARN_UNUSED_VARIABLE = YES;
				IPHONEOS_DEPLOYMENT_TARGET = 14.4;
				MTL_ENABLE_DEBUG_INFO = INCLUDE_SOURCE;
				MTL_FAST_MATH = YES;
				ONLY_ACTIVE_ARCH = YES;
				SDKROOT = iphoneos;
				SWIFT_ACTIVE_COMPILATION_CONDITIONS = DEBUG;
				SWIFT_OPTIMIZATION_LEVEL = "-Onone";
			};
			name = Debug;
		};
		957FC3F82624900F00AB5A2E /* Release */ = {
			isa = XCBuildConfiguration;
			buildSettings = {
				ALWAYS_SEARCH_USER_PATHS = NO;
				CLANG_ANALYZER_NONNULL = YES;
				CLANG_ANALYZER_NUMBER_OBJECT_CONVERSION = YES_AGGRESSIVE;
				CLANG_CXX_LANGUAGE_STANDARD = "gnu++14";
				CLANG_CXX_LIBRARY = "libc++";
				CLANG_ENABLE_MODULES = YES;
				CLANG_ENABLE_OBJC_ARC = YES;
				CLANG_ENABLE_OBJC_WEAK = YES;
				CLANG_WARN_BLOCK_CAPTURE_AUTORELEASING = YES;
				CLANG_WARN_BOOL_CONVERSION = YES;
				CLANG_WARN_COMMA = YES;
				CLANG_WARN_CONSTANT_CONVERSION = YES;
				CLANG_WARN_DEPRECATED_OBJC_IMPLEMENTATIONS = YES;
				CLANG_WARN_DIRECT_OBJC_ISA_USAGE = YES_ERROR;
				CLANG_WARN_DOCUMENTATION_COMMENTS = YES;
				CLANG_WARN_EMPTY_BODY = YES;
				CLANG_WARN_ENUM_CONVERSION = YES;
				CLANG_WARN_INFINITE_RECURSION = YES;
				CLANG_WARN_INT_CONVERSION = YES;
				CLANG_WARN_NON_LITERAL_NULL_CONVERSION = YES;
				CLANG_WARN_OBJC_IMPLICIT_RETAIN_SELF = YES;
				CLANG_WARN_OBJC_LITERAL_CONVERSION = YES;
				CLANG_WARN_OBJC_ROOT_CLASS = YES_ERROR;
				CLANG_WARN_QUOTED_INCLUDE_IN_FRAMEWORK_HEADER = YES;
				CLANG_WARN_RANGE_LOOP_ANALYSIS = YES;
				CLANG_WARN_STRICT_PROTOTYPES = YES;
				CLANG_WARN_SUSPICIOUS_MOVE = YES;
				CLANG_WARN_UNGUARDED_AVAILABILITY = YES_AGGRESSIVE;
				CLANG_WARN_UNREACHABLE_CODE = YES;
				CLANG_WARN__DUPLICATE_METHOD_MATCH = YES;
				COPY_PHASE_STRIP = NO;
				DEBUG_INFORMATION_FORMAT = "dwarf-with-dsym";
				ENABLE_NS_ASSERTIONS = NO;
				ENABLE_STRICT_OBJC_MSGSEND = YES;
				GCC_C_LANGUAGE_STANDARD = gnu11;
				GCC_NO_COMMON_BLOCKS = YES;
				GCC_WARN_64_TO_32_BIT_CONVERSION = YES;
				GCC_WARN_ABOUT_RETURN_TYPE = YES_ERROR;
				GCC_WARN_UNDECLARED_SELECTOR = YES;
				GCC_WARN_UNINITIALIZED_AUTOS = YES_AGGRESSIVE;
				GCC_WARN_UNUSED_FUNCTION = YES;
				GCC_WARN_UNUSED_VARIABLE = YES;
				IPHONEOS_DEPLOYMENT_TARGET = 14.4;
				MTL_ENABLE_DEBUG_INFO = NO;
				MTL_FAST_MATH = YES;
				SDKROOT = iphoneos;
				SWIFT_COMPILATION_MODE = wholemodule;
				SWIFT_OPTIMIZATION_LEVEL = "-O";
				VALIDATE_PRODUCT = YES;
			};
			name = Release;
		};
		957FC3FA2624900F00AB5A2E /* Debug */ = {
			isa = XCBuildConfiguration;
			buildSettings = {
				ASSETCATALOG_COMPILER_APPICON_NAME = AppIcon;
				ASSETCATALOG_COMPILER_GLOBAL_ACCENT_COLOR_NAME = AccentColor;
				CODE_SIGN_STYLE = Automatic;
				DEVELOPMENT_ASSET_PATHS = "\"MoonShot/Preview Content\"";
				ENABLE_PREVIEWS = YES;
				INFOPLIST_FILE = MoonShot/Info.plist;
				IPHONEOS_DEPLOYMENT_TARGET = 14.0;
				LD_RUNPATH_SEARCH_PATHS = (
					"$(inherited)",
					"@executable_path/Frameworks",
				);
				PRODUCT_BUNDLE_IDENTIFIER = me.acosta.alejo.MoonShot;
				PRODUCT_NAME = "$(TARGET_NAME)";
				SWIFT_VERSION = 5.0;
				TARGETED_DEVICE_FAMILY = "1,2";
			};
			name = Debug;
		};
		957FC3FB2624900F00AB5A2E /* Release */ = {
			isa = XCBuildConfiguration;
			buildSettings = {
				ASSETCATALOG_COMPILER_APPICON_NAME = AppIcon;
				ASSETCATALOG_COMPILER_GLOBAL_ACCENT_COLOR_NAME = AccentColor;
				CODE_SIGN_STYLE = Automatic;
				DEVELOPMENT_ASSET_PATHS = "\"MoonShot/Preview Content\"";
				ENABLE_PREVIEWS = YES;
				INFOPLIST_FILE = MoonShot/Info.plist;
				IPHONEOS_DEPLOYMENT_TARGET = 14.0;
				LD_RUNPATH_SEARCH_PATHS = (
					"$(inherited)",
					"@executable_path/Frameworks",
				);
				PRODUCT_BUNDLE_IDENTIFIER = me.acosta.alejo.MoonShot;
				PRODUCT_NAME = "$(TARGET_NAME)";
				SWIFT_VERSION = 5.0;
				TARGETED_DEVICE_FAMILY = "1,2";
			};
			name = Release;
		};
/* End XCBuildConfiguration section */

/* Begin XCConfigurationList section */
		957FC3E52624900E00AB5A2E /* Build configuration list for PBXProject "MoonShot" */ = {
			isa = XCConfigurationList;
			buildConfigurations = (
				957FC3F72624900F00AB5A2E /* Debug */,
				957FC3F82624900F00AB5A2E /* Release */,
			);
			defaultConfigurationIsVisible = 0;
			defaultConfigurationName = Release;
		};
		957FC3F92624900F00AB5A2E /* Build configuration list for PBXNativeTarget "MoonShot" */ = {
			isa = XCConfigurationList;
			buildConfigurations = (
				957FC3FA2624900F00AB5A2E /* Debug */,
				957FC3FB2624900F00AB5A2E /* Release */,
			);
			defaultConfigurationIsVisible = 0;
			defaultConfigurationName = Release;
		};
/* End XCConfigurationList section */
	};
	rootObject = 957FC3E22624900E00AB5A2E /* Project object */;
}
